{
  "name": "@atisiothings/laniakea-lib-central",
  "version": "0.0.56",
  "lockfileVersion": 3,
  "requires": true,
  "packages": {
    "": {
      "name": "@atisiothings/laniakea-lib-central",
      "version": "0.0.56",
      "license": "UNLICENSED",
      "dependencies": {
        "@atisiothings/laniakea-lib-core": "^0.0.6"
      }
    },
    "node_modules/@atisiothings/laniakea-lib-core": {
      "version": "0.0.6",
      "resolved": "https://registry.npmjs.org/@atisiothings/laniakea-lib-core/-/laniakea-lib-core-0.0.6.tgz",
      "integrity": "sha512-SP3L3ILmaRJrFAEzAFAz392O1iIIoMeNIzkrL2ta/+ePcYhB6yhayUyGOsZjdm+vAKQYll2N8jTV4TDsZOiKCw==",
      "license": "UNLICENSED"
    }
  }
}
