{
  "name": "@atisiothings/laniakea-lib-central",
  "version": "0.0.61",
  "lockfileVersion": 3,
  "requires": true,
  "packages": {
    "": {
      "name": "@atisiothings/laniakea-lib-central",
      "version": "0.0.61",
      "license": "UNLICENSED",
      "dependencies": {
        "@atisiothings/laniakea-lib-core": "^0.0.9"
      }
    },
    "node_modules/@atisiothings/laniakea-lib-core": {
      "version": "0.0.9",
      "resolved": "https://registry.npmjs.org/@atisiothings/laniakea-lib-core/-/laniakea-lib-core-0.0.9.tgz",
      "integrity": "sha512-8PIqCwDodfYwLVEvc14YBOJUfDAH6Wae7v1NbTZhcR4G1LbrbO0dYhAeuH18zheai3I+akni5BVH0rVDsTmoeQ==",
      "license": "UNLICENSED"
    }
  }
}
